// !$*UTF8*$!
{
	archiveVersion = 1;
	classes = {
	};
	objectVersion = 50;
	objects = {

/* Begin PBXBuildFile section */
		03BC1692179D5045119E262A /* Pods_VK_Challenge.framework in Frameworks */ = {isa = PBXBuildFile; fileRef = 036E9583E0DB69839EEA602D /* Pods_VK_Challenge.framework */; };
		B90F57082195874A001B11CE /* AppDelegate.swift in Sources */ = {isa = PBXBuildFile; fileRef = B90F57072195874A001B11CE /* AppDelegate.swift */; };
		B90F570A2195874A001B11CE /* ViewController.swift in Sources */ = {isa = PBXBuildFile; fileRef = B90F57092195874A001B11CE /* ViewController.swift */; };
		B90F570D2195874A001B11CE /* Main.storyboard in Resources */ = {isa = PBXBuildFile; fileRef = B90F570B2195874A001B11CE /* Main.storyboard */; };
		B90F570F2195874B001B11CE /* Assets.xcassets in Resources */ = {isa = PBXBuildFile; fileRef = B90F570E2195874B001B11CE /* Assets.xcassets */; };
		B90F57122195874B001B11CE /* LaunchScreen.storyboard in Resources */ = {isa = PBXBuildFile; fileRef = B90F57102195874B001B11CE /* LaunchScreen.storyboard */; };
		B9943A24219597140045D56C /* Constants.swift in Sources */ = {isa = PBXBuildFile; fileRef = B9943A23219597140045D56C /* Constants.swift */; };
		B9943A27219597FA0045D56C /* VK+Scope.swift in Sources */ = {isa = PBXBuildFile; fileRef = B9943A26219597FA0045D56C /* VK+Scope.swift */; };
/* End PBXBuildFile section */

/* Begin PBXFileReference section */
		036E9583E0DB69839EEA602D /* Pods_VK_Challenge.framework */ = {isa = PBXFileReference; explicitFileType = wrapper.framework; includeInIndex = 0; path = Pods_VK_Challenge.framework; sourceTree = BUILT_PRODUCTS_DIR; };
		392DFCEC24D587D61FD82829 /* Pods-VK-Challenge.release.xcconfig */ = {isa = PBXFileReference; includeInIndex = 1; lastKnownFileType = text.xcconfig; name = "Pods-VK-Challenge.release.xcconfig"; path = "Pods/Target Support Files/Pods-VK-Challenge/Pods-VK-Challenge.release.xcconfig"; sourceTree = "<group>"; };
		8FC31E38900E1D5A42E85111 /* Pods-VK-Challenge.debug.xcconfig */ = {isa = PBXFileReference; includeInIndex = 1; lastKnownFileType = text.xcconfig; name = "Pods-VK-Challenge.debug.xcconfig"; path = "Pods/Target Support Files/Pods-VK-Challenge/Pods-VK-Challenge.debug.xcconfig"; sourceTree = "<group>"; };
		B90F57042195874A001B11CE /* VK-Challenge.app */ = {isa = PBXFileReference; explicitFileType = wrapper.application; includeInIndex = 0; path = "VK-Challenge.app"; sourceTree = BUILT_PRODUCTS_DIR; };
		B90F57072195874A001B11CE /* AppDelegate.swift */ = {isa = PBXFileReference; lastKnownFileType = sourcecode.swift; path = AppDelegate.swift; sourceTree = "<group>"; };
		B90F57092195874A001B11CE /* ViewController.swift */ = {isa = PBXFileReference; lastKnownFileType = sourcecode.swift; path = ViewController.swift; sourceTree = "<group>"; };
		B90F570C2195874A001B11CE /* Base */ = {isa = PBXFileReference; lastKnownFileType = file.storyboard; name = Base; path = Base.lproj/Main.storyboard; sourceTree = "<group>"; };
		B90F570E2195874B001B11CE /* Assets.xcassets */ = {isa = PBXFileReference; lastKnownFileType = folder.assetcatalog; path = Assets.xcassets; sourceTree = "<group>"; };
		B90F57112195874B001B11CE /* Base */ = {isa = PBXFileReference; lastKnownFileType = file.storyboard; name = Base; path = Base.lproj/LaunchScreen.storyboard; sourceTree = "<group>"; };
		B90F57132195874B001B11CE /* Info.plist */ = {isa = PBXFileReference; lastKnownFileType = text.plist.xml; path = Info.plist; sourceTree = "<group>"; };
		B9943A23219597140045D56C /* Constants.swift */ = {isa = PBXFileReference; lastKnownFileType = sourcecode.swift; path = Constants.swift; sourceTree = "<group>"; };
		B9943A26219597FA0045D56C /* VK+Scope.swift */ = {isa = PBXFileReference; lastKnownFileType = sourcecode.swift; path = "VK+Scope.swift"; sourceTree = "<group>"; };
/* End PBXFileReference section */

/* Begin PBXFrameworksBuildPhase section */
		B90F57012195874A001B11CE /* Frameworks */ = {
			isa = PBXFrameworksBuildPhase;
			buildActionMask = 2147483647;
			files = (
				03BC1692179D5045119E262A /* Pods_VK_Challenge.framework in Frameworks */,
			);
			runOnlyForDeploymentPostprocessing = 0;
		};
/* End PBXFrameworksBuildPhase section */

/* Begin PBXGroup section */
		4055234BFCE56A0DC8DBEEB5 /* Frameworks */ = {
			isa = PBXGroup;
			children = (
				036E9583E0DB69839EEA602D /* Pods_VK_Challenge.framework */,
			);
			name = Frameworks;
			sourceTree = "<group>";
		};
		4073EDA9006304E7381230C9 /* Pods */ = {
			isa = PBXGroup;
			children = (
				8FC31E38900E1D5A42E85111 /* Pods-VK-Challenge.debug.xcconfig */,
				392DFCEC24D587D61FD82829 /* Pods-VK-Challenge.release.xcconfig */,
			);
			name = Pods;
			sourceTree = "<group>";
		};
		B90F56FB2195874A001B11CE = {
			isa = PBXGroup;
			children = (
				B90F57062195874A001B11CE /* VK-Challenge */,
				B90F57052195874A001B11CE /* Products */,
				4073EDA9006304E7381230C9 /* Pods */,
				4055234BFCE56A0DC8DBEEB5 /* Frameworks */,
			);
			sourceTree = "<group>";
		};
		B90F57052195874A001B11CE /* Products */ = {
			isa = PBXGroup;
			children = (
				B90F57042195874A001B11CE /* VK-Challenge.app */,
			);
			name = Products;
			sourceTree = "<group>";
		};
		B90F57062195874A001B11CE /* VK-Challenge */ = {
			isa = PBXGroup;
			children = (
				B9943A25219597EE0045D56C /* Extension */,
				B9943A222195970B0045D56C /* Common */,
				B9943A20219596800045D56C /* Module */,
				B90F57072195874A001B11CE /* AppDelegate.swift */,
				B90F570B2195874A001B11CE /* Main.storyboard */,
				B90F570E2195874B001B11CE /* Assets.xcassets */,
				B90F57102195874B001B11CE /* LaunchScreen.storyboard */,
				B90F57132195874B001B11CE /* Info.plist */,
			);
			path = "VK-Challenge";
			sourceTree = "<group>";
		};
		B9943A20219596800045D56C /* Module */ = {
			isa = PBXGroup;
			children = (
				B9943A21219596850045D56C /* Auth */,
			);
			path = Module;
			sourceTree = "<group>";
		};
		B9943A21219596850045D56C /* Auth */ = {
			isa = PBXGroup;
			children = (
				B90F57092195874A001B11CE /* ViewController.swift */,
			);
			path = Auth;
			sourceTree = "<group>";
		};
		B9943A222195970B0045D56C /* Common */ = {
			isa = PBXGroup;
			children = (
				B9943A23219597140045D56C /* Constants.swift */,
			);
			path = Common;
			sourceTree = "<group>";
		};
		B9943A25219597EE0045D56C /* Extension */ = {
			isa = PBXGroup;
			children = (
				B9943A26219597FA0045D56C /* VK+Scope.swift */,
			);
			path = Extension;
			sourceTree = "<group>";
		};
/* End PBXGroup section */

/* Begin PBXNativeTarget section */
		B90F57032195874A001B11CE /* VK-Challenge */ = {
			isa = PBXNativeTarget;
			buildConfigurationList = B90F57162195874B001B11CE /* Build configuration list for PBXNativeTarget "VK-Challenge" */;
			buildPhases = (
				E652244544228118E3581D26 /* [CP] Check Pods Manifest.lock */,
				B90F57002195874A001B11CE /* Sources */,
				B90F57012195874A001B11CE /* Frameworks */,
				B90F57022195874A001B11CE /* Resources */,
				8EE4F5DEC7270C90C8FBEE1E /* [CP] Embed Pods Frameworks */,
			);
			buildRules = (
			);
			dependencies = (
			);
			name = "VK-Challenge";
			productName = "VK-Challenge";
			productReference = B90F57042195874A001B11CE /* VK-Challenge.app */;
			productType = "com.apple.product-type.application";
		};
/* End PBXNativeTarget section */

/* Begin PBXProject section */
		B90F56FC2195874A001B11CE /* Project object */ = {
			isa = PBXProject;
			attributes = {
				LastSwiftUpdateCheck = 0930;
				LastUpgradeCheck = 0930;
				ORGANIZATIONNAME = Evgeniy;
				TargetAttributes = {
					B90F57032195874A001B11CE = {
						CreatedOnToolsVersion = 9.3;
					};
				};
			};
			buildConfigurationList = B90F56FF2195874A001B11CE /* Build configuration list for PBXProject "VK-Challenge" */;
			compatibilityVersion = "Xcode 9.3";
			developmentRegion = en;
			hasScannedForEncodings = 0;
			knownRegions = (
				en,
				Base,
			);
			mainGroup = B90F56FB2195874A001B11CE;
			productRefGroup = B90F57052195874A001B11CE /* Products */;
			projectDirPath = "";
			projectRoot = "";
			targets = (
				B90F57032195874A001B11CE /* VK-Challenge */,
			);
		};
/* End PBXProject section */

/* Begin PBXResourcesBuildPhase section */
		B90F57022195874A001B11CE /* Resources */ = {
			isa = PBXResourcesBuildPhase;
			buildActionMask = 2147483647;
			files = (
				B90F57122195874B001B11CE /* LaunchScreen.storyboard in Resources */,
				B90F570F2195874B001B11CE /* Assets.xcassets in Resources */,
				B90F570D2195874A001B11CE /* Main.storyboard in Resources */,
			);
			runOnlyForDeploymentPostprocessing = 0;
		};
/* End PBXResourcesBuildPhase section */

/* Begin PBXShellScriptBuildPhase section */
		8EE4F5DEC7270C90C8FBEE1E /* [CP] Embed Pods Frameworks */ = {
			isa = PBXShellScriptBuildPhase;
			buildActionMask = 2147483647;
			files = (
			);
			inputPaths = (
				"${SRCROOT}/Pods/Target Support Files/Pods-VK-Challenge/Pods-VK-Challenge-frameworks.sh",
				"${BUILT_PRODUCTS_DIR}/VK-ios-sdk/VK_ios_sdk.framework",
			);
			name = "[CP] Embed Pods Frameworks";
			outputPaths = (
				"${TARGET_BUILD_DIR}/${FRAMEWORKS_FOLDER_PATH}/VK_ios_sdk.framework",
			);
			runOnlyForDeploymentPostprocessing = 0;
			shellPath = /bin/sh;
			shellScript = "\"${SRCROOT}/Pods/Target Support Files/Pods-VK-Challenge/Pods-VK-Challenge-frameworks.sh\"\n";
			showEnvVarsInLog = 0;
		};
		E652244544228118E3581D26 /* [CP] Check Pods Manifest.lock */ = {
			isa = PBXShellScriptBuildPhase;
			buildActionMask = 2147483647;
			files = (
			);
			inputPaths = (
				"${PODS_PODFILE_DIR_PATH}/Podfile.lock",
				"${PODS_ROOT}/Manifest.lock",
			);
			name = "[CP] Check Pods Manifest.lock";
			outputPaths = (
				"$(DERIVED_FILE_DIR)/Pods-VK-Challenge-checkManifestLockResult.txt",
			);
			runOnlyForDeploymentPostprocessing = 0;
			shellPath = /bin/sh;
			shellScript = "diff \"${PODS_PODFILE_DIR_PATH}/Podfile.lock\" \"${PODS_ROOT}/Manifest.lock\" > /dev/null\nif [ $? != 0 ] ; then\n    # print error to STDERR\n    echo \"error: The sandbox is not in sync with the Podfile.lock. Run 'pod install' or update your CocoaPods installation.\" >&2\n    exit 1\nfi\n# This output is used by Xcode 'outputs' to avoid re-running this script phase.\necho \"SUCCESS\" > \"${SCRIPT_OUTPUT_FILE_0}\"\n";
			showEnvVarsInLog = 0;
		};
/* End PBXShellScriptBuildPhase section */

/* Begin PBXSourcesBuildPhase section */
		B90F57002195874A001B11CE /* Sources */ = {
			isa = PBXSourcesBuildPhase;
			buildActionMask = 2147483647;
			files = (
				B90F570A2195874A001B11CE /* ViewController.swift in Sources */,
				B90F57082195874A001B11CE /* AppDelegate.swift in Sources */,
				B9943A24219597140045D56C /* Constants.swift in Sources */,
				B9943A27219597FA0045D56C /* VK+Scope.swift in Sources */,
			);
			runOnlyForDeploymentPostprocessing = 0;
		};
/* End PBXSourcesBuildPhase section */

/* Begin PBXVariantGroup section */
		B90F570B2195874A001B11CE /* Main.storyboard */ = {
			isa = PBXVariantGroup;
			children = (
				B90F570C2195874A001B11CE /* Base */,
			);
			name = Main.storyboard;
			sourceTree = "<group>";
		};
		B90F57102195874B001B11CE /* LaunchScreen.storyboard */ = {
			isa = PBXVariantGroup;
			children = (
				B90F57112195874B001B11CE /* Base */,
			);
			name = LaunchScreen.storyboard;
			sourceTree = "<group>";
		};
/* End PBXVariantGroup section */

/* Begin XCBuildConfiguration section */
		B90F57142195874B001B11CE /* Debug */ = {
			isa = XCBuildConfiguration;
			buildSettings = {
				ALWAYS_SEARCH_USER_PATHS = NO;
				CLANG_ANALYZER_NONNULL = YES;
				CLANG_ANALYZER_NUMBER_OBJECT_CONVERSION = YES_AGGRESSIVE;
				CLANG_CXX_LANGUAGE_STANDARD = "gnu++14";
				CLANG_CXX_LIBRARY = "libc++";
				CLANG_ENABLE_MODULES = YES;
				CLANG_ENABLE_OBJC_ARC = YES;
				CLANG_ENABLE_OBJC_WEAK = YES;
				CLANG_WARN_BLOCK_CAPTURE_AUTORELEASING = YES;
				CLANG_WARN_BOOL_CONVERSION = YES;
				CLANG_WARN_COMMA = YES;
				CLANG_WARN_CONSTANT_CONVERSION = YES;
				CLANG_WARN_DEPRECATED_OBJC_IMPLEMENTATIONS = YES;
				CLANG_WARN_DIRECT_OBJC_ISA_USAGE = YES_ERROR;
				CLANG_WARN_DOCUMENTATION_COMMENTS = YES;
				CLANG_WARN_EMPTY_BODY = YES;
				CLANG_WARN_ENUM_CONVERSION = YES;
				CLANG_WARN_INFINITE_RECURSION = YES;
				CLANG_WARN_INT_CONVERSION = YES;
				CLANG_WARN_NON_LITERAL_NULL_CONVERSION = YES;
				CLANG_WARN_OBJC_IMPLICIT_RETAIN_SELF = YES;
				CLANG_WARN_OBJC_LITERAL_CONVERSION = YES;
				CLANG_WARN_OBJC_ROOT_CLASS = YES_ERROR;
				CLANG_WARN_RANGE_LOOP_ANALYSIS = YES;
				CLANG_WARN_STRICT_PROTOTYPES = YES;
				CLANG_WARN_SUSPICIOUS_MOVE = YES;
				CLANG_WARN_UNGUARDED_AVAILABILITY = YES_AGGRESSIVE;
				CLANG_WARN_UNREACHABLE_CODE = YES;
				CLANG_WARN__DUPLICATE_METHOD_MATCH = YES;
				CODE_SIGN_IDENTITY = "iPhone Developer";
				COPY_PHASE_STRIP = NO;
				DEBUG_INFORMATION_FORMAT = dwarf;
				ENABLE_STRICT_OBJC_MSGSEND = YES;
				ENABLE_TESTABILITY = YES;
				GCC_C_LANGUAGE_STANDARD = gnu11;
				GCC_DYNAMIC_NO_PIC = NO;
				GCC_NO_COMMON_BLOCKS = YES;
				GCC_OPTIMIZATION_LEVEL = 0;
				GCC_PREPROCESSOR_DEFINITIONS = (
					"DEBUG=1",
					"$(inherited)",
				);
				GCC_WARN_64_TO_32_BIT_CONVERSION = YES;
				GCC_WARN_ABOUT_RETURN_TYPE = YES_ERROR;
				GCC_WARN_UNDECLARED_SELECTOR = YES;
				GCC_WARN_UNINITIALIZED_AUTOS = YES_AGGRESSIVE;
				GCC_WARN_UNUSED_FUNCTION = YES;
				GCC_WARN_UNUSED_VARIABLE = YES;
				IPHONEOS_DEPLOYMENT_TARGET = 11.3;
				MTL_ENABLE_DEBUG_INFO = YES;
				ONLY_ACTIVE_ARCH = YES;
				SDKROOT = iphoneos;
				SWIFT_ACTIVE_COMPILATION_CONDITIONS = DEBUG;
				SWIFT_OPTIMIZATION_LEVEL = "-Onone";
			};
			name = Debug;
		};
		B90F57152195874B001B11CE /* Release */ = {
			isa = XCBuildConfiguration;
			buildSettings = {
				ALWAYS_SEARCH_USER_PATHS = NO;
				CLANG_ANALYZER_NONNULL = YES;
				CLANG_ANALYZER_NUMBER_OBJECT_CONVERSION = YES_AGGRESSIVE;
				CLANG_CXX_LANGUAGE_STANDARD = "gnu++14";
				CLANG_CXX_LIBRARY = "libc++";
				CLANG_ENABLE_MODULES = YES;
				CLANG_ENABLE_OBJC_ARC = YES;
				CLANG_ENABLE_OBJC_WEAK = YES;
				CLANG_WARN_BLOCK_CAPTURE_AUTORELEASING = YES;
				CLANG_WARN_BOOL_CONVERSION = YES;
				CLANG_WARN_COMMA = YES;
				CLANG_WARN_CONSTANT_CONVERSION = YES;
				CLANG_WARN_DEPRECATED_OBJC_IMPLEMENTATIONS = YES;
				CLANG_WARN_DIRECT_OBJC_ISA_USAGE = YES_ERROR;
				CLANG_WARN_DOCUMENTATION_COMMENTS = YES;
				CLANG_WARN_EMPTY_BODY = YES;
				CLANG_WARN_ENUM_CONVERSION = YES;
				CLANG_WARN_INFINITE_RECURSION = YES;
				CLANG_WARN_INT_CONVERSION = YES;
				CLANG_WARN_NON_LITERAL_NULL_CONVERSION = YES;
				CLANG_WARN_OBJC_IMPLICIT_RETAIN_SELF = YES;
				CLANG_WARN_OBJC_LITERAL_CONVERSION = YES;
				CLANG_WARN_OBJC_ROOT_CLASS = YES_ERROR;
				CLANG_WARN_RANGE_LOOP_ANALYSIS = YES;
				CLANG_WARN_STRICT_PROTOTYPES = YES;
				CLANG_WARN_SUSPICIOUS_MOVE = YES;
				CLANG_WARN_UNGUARDED_AVAILABILITY = YES_AGGRESSIVE;
				CLANG_WARN_UNREACHABLE_CODE = YES;
				CLANG_WARN__DUPLICATE_METHOD_MATCH = YES;
				CODE_SIGN_IDENTITY = "iPhone Developer";
				COPY_PHASE_STRIP = NO;
				DEBUG_INFORMATION_FORMAT = "dwarf-with-dsym";
				ENABLE_NS_ASSERTIONS = NO;
				ENABLE_STRICT_OBJC_MSGSEND = YES;
				GCC_C_LANGUAGE_STANDARD = gnu11;
				GCC_NO_COMMON_BLOCKS = YES;
				GCC_WARN_64_TO_32_BIT_CONVERSION = YES;
				GCC_WARN_ABOUT_RETURN_TYPE = YES_ERROR;
				GCC_WARN_UNDECLARED_SELECTOR = YES;
				GCC_WARN_UNINITIALIZED_AUTOS = YES_AGGRESSIVE;
				GCC_WARN_UNUSED_FUNCTION = YES;
				GCC_WARN_UNUSED_VARIABLE = YES;
				IPHONEOS_DEPLOYMENT_TARGET = 11.3;
				MTL_ENABLE_DEBUG_INFO = NO;
				SDKROOT = iphoneos;
				SWIFT_COMPILATION_MODE = wholemodule;
				SWIFT_OPTIMIZATION_LEVEL = "-O";
				VALIDATE_PRODUCT = YES;
			};
			name = Release;
		};
		B90F57172195874B001B11CE /* Debug */ = {
			isa = XCBuildConfiguration;
			baseConfigurationReference = 8FC31E38900E1D5A42E85111 /* Pods-VK-Challenge.debug.xcconfig */;
			buildSettings = {
				ASSETCATALOG_COMPILER_APPICON_NAME = AppIcon;
				CODE_SIGN_STYLE = Automatic;
				DEVELOPMENT_TEAM = VD97XKT54M;
				INFOPLIST_FILE = "VK-Challenge/Info.plist";
				IPHONEOS_DEPLOYMENT_TARGET = 9.0;
				LD_RUNPATH_SEARCH_PATHS = (
					"$(inherited)",
					"@executable_path/Frameworks",
				);
				PRODUCT_BUNDLE_IDENTIFIER = "own2pwn.pp.VK-Challenge";
				PRODUCT_NAME = "$(TARGET_NAME)";
				SWIFT_VERSION = 4.0;
				TARGETED_DEVICE_FAMILY = "1,2";
			};
			name = Debug;
		};
		B90F57182195874B001B11CE /* Release */ = {
			isa = XCBuildConfiguration;
			baseConfigurationReference = 392DFCEC24D587D61FD82829 /* Pods-VK-Challenge.release.xcconfig */;
			buildSettings = {
				ASSETCATALOG_COMPILER_APPICON_NAME = AppIcon;
				CODE_SIGN_STYLE = Automatic;
				DEVELOPMENT_TEAM = VD97XKT54M;
				INFOPLIST_FILE = "VK-Challenge/Info.plist";
				IPHONEOS_DEPLOYMENT_TARGET = 9.0;
				LD_RUNPATH_SEARCH_PATHS = (
					"$(inherited)",
					"@executable_path/Frameworks",
				);
				PRODUCT_BUNDLE_IDENTIFIER = "own2pwn.pp.VK-Challenge";
				PRODUCT_NAME = "$(TARGET_NAME)";
				SWIFT_VERSION = 4.0;
				TARGETED_DEVICE_FAMILY = "1,2";
			};
			name = Release;
		};
/* End XCBuildConfiguration section */

/* Begin XCConfigurationList section */
		B90F56FF2195874A001B11CE /* Build configuration list for PBXProject "VK-Challenge" */ = {
			isa = XCConfigurationList;
			buildConfigurations = (
				B90F57142195874B001B11CE /* Debug */,
				B90F57152195874B001B11CE /* Release */,
			);
			defaultConfigurationIsVisible = 0;
			defaultConfigurationName = Release;
		};
		B90F57162195874B001B11CE /* Build configuration list for PBXNativeTarget "VK-Challenge" */ = {
			isa = XCConfigurationList;
			buildConfigurations = (
				B90F57172195874B001B11CE /* Debug */,
				B90F57182195874B001B11CE /* Release */,
			);
			defaultConfigurationIsVisible = 0;
			defaultConfigurationName = Release;
		};
/* End XCConfigurationList section */
	};
	rootObject = B90F56FC2195874A001B11CE /* Project object */;
}
